
Microsoft Visual Studio Solution File, Format Version 12.00
# Visual Studio 15
VisualStudioVersion = 15.0.28010.2026
MinimumVisualStudioVersion = 10.0.40219.1
Project("{8BC9CEB8-8B4A-11D0-8D11-00A0C91BC942}") = "GitTutorial", "GitTutorial\GitTutorial.vcxproj", "{EAC4D602-E2FF-4266-AF4D-96F70180D642}"
EndProject
Global
	GlobalSection(SolutionConfigurationPlatforms) = preSolution
		Debug|x64 = Debug|x64
		Debug|x86 = Debug|x86
		Release|x64 = Release|x64
		Release|x86 = Release|x86
	EndGlobalSection
	GlobalSection(ProjectConfigurationPlatforms) = postSolution
		{EAC4D602-E2FF-4266-AF4D-96F70180D642}.Debug|x64.ActiveCfg = Debug|x64
		{EAC4D602-E2FF-4266-AF4D-96F70180D642}.Debug|x64.Build.0 = Debug|x64
		{EAC4D602-E2FF-4266-AF4D-96F70180D642}.Debug|x86.ActiveCfg = Debug|Win32
		{EAC4D602-E2FF-4266-AF4D-96F70180D642}.Debug|x86.Build.0 = Debug|Win32
		{EAC4D602-E2FF-4266-AF4D-96F70180D642}.Release|x64.ActiveCfg = Release|x64
		{EAC4D602-E2FF-4266-AF4D-96F70180D642}.Release|x64.Build.0 = Release|x64
		{EAC4D602-E2FF-4266-AF4D-96F70180D642}.Release|x86.ActiveCfg = Release|Win32
		{EAC4D602-E2FF-4266-AF4D-96F70180D642}.Release|x86.Build.0 = Release|Win32
	EndGlobalSection
	GlobalSection(SolutionProperties) = preSolution
		HideSolutionNode = FALSE
	EndGlobalSection
	GlobalSection(ExtensibilityGlobals) = postSolution
		SolutionGuid = {32E78514-9E0F-413E-86A9-D3BB7527DBD7}
	EndGlobalSection
EndGlobal
